// !$*UTF8*$!
{
	archiveVersion = 1;
	classes = {
	};
	objectVersion = 63;
	objects = {

/* Begin PBXBuildFile section */
		1DCF32243B46244838A5EC7C /* OverlayState.swift in Sources */ = {isa = PBXBuildFile; fileRef = C047331902B655DA9E85E9AA /* OverlayState.swift */; };
		2C2BE3EB3759C4FFEE2B87D1 /* SettingsContainerView.swift in Sources */ = {isa = PBXBuildFile; fileRef = 1FD364AC32632412CE43BCC3 /* SettingsContainerView.swift */; };
		2DA5D32B62E8D6CEFD3D34A6 /* DiagnosticsView.swift in Sources */ = {isa = PBXBuildFile; fileRef = BC8EEF756BD4697941A4574E /* DiagnosticsView.swift */; };
		2E2A96D32CFCC98AB55D7DF9 /* FluidAudio in Frameworks */ = {isa = PBXBuildFile; productRef = 88F254FCE42D28AC6EE84109 /* FluidAudio */; };
		2F4F2E224D2F66809C31E46E /* HistoryView.swift in Sources */ = {isa = PBXBuildFile; fileRef = FC42C847C9AB51DDCFFB0D20 /* HistoryView.swift */; };
		7A1C9F8B3B4D2E1F9A6C7D8E /* Sparkle in Frameworks */ = {isa = PBXBuildFile; productRef = 6C3E7F1A2B4C5D6E7F8A9B0C /* Sparkle */; };
		30B1D0176D3E08DC252A070D /* MenuBarContents.swift in Sources */ = {isa = PBXBuildFile; fileRef = 392C2F9A5FF1461BD31EFFF8 /* MenuBarContents.swift */; };
		35DB66A25F1454C4012E2517 /* Resources in Resources */ = {isa = PBXBuildFile; fileRef = E865AF1E5A2F31C2FFD6C1D1 /* Resources */; };
		3BE2EFD05BFE86C998C81026 /* AudioDeviceManager.swift in Sources */ = {isa = PBXBuildFile; fileRef = 42F2129DFDB8FADEFEB61569 /* AudioDeviceManager.swift */; };
		46A8D59A393A9C27D128CC08 /* AudioCaptureManager.swift in Sources */ = {isa = PBXBuildFile; fileRef = BAF372F80C5E297A50F5FCDE /* AudioCaptureManager.swift */; };
		488E74DD3C7927DFA9F6F006 /* OverlayController.swift in Sources */ = {isa = PBXBuildFile; fileRef = 2D42D341ECB16A976F9E70DA /* OverlayController.swift */; };
		528F1A2961DA916C5B01EFC5 /* StatusView.swift in Sources */ = {isa = PBXBuildFile; fileRef = 678B30D036721DF14614CA31 /* StatusView.swift */; };
		5D4464E57DDD2D6AFA236BDA /* ModelStatus.swift in Sources */ = {isa = PBXBuildFile; fileRef = C72E52B3E789D4A06AC974CF /* ModelStatus.swift */; };
		6D989329C349D67E9A856DED /* AppDelegate.swift in Sources */ = {isa = PBXBuildFile; fileRef = 2B2100FF2D762E0E8F487689 /* AppDelegate.swift */; };
		6EEDD8D6BC01E7A065278B46 /* AudioLevelMonitor.swift in Sources */ = {isa = PBXBuildFile; fileRef = A86E2D3C3A1A7CC0FA7985EA /* AudioLevelMonitor.swift */; };
		89A758FD0CF59D2948BF333A /* UIComponents.swift in Sources */ = {isa = PBXBuildFile; fileRef = 41B3346F7428159CAB9E8960 /* UIComponents.swift */; };
		8FDC1A2D2CEF3AFCFB760CC0 /* HotkeyCaptureView.swift in Sources */ = {isa = PBXBuildFile; fileRef = A98FB5AC5CE0BD39E0E5F4C2 /* HotkeyCaptureView.swift */; };
		945E49A626717DDC4A2E23F4 /* ParakeetAudioPreparer.swift in Sources */ = {isa = PBXBuildFile; fileRef = 0E543434088DCBF53BB68DC5 /* ParakeetAudioPreparer.swift */; };
		99B019FB2BFE59A9DD3C6CCE /* OverlayView.swift in Sources */ = {isa = PBXBuildFile; fileRef = 832A2AACF45B62C768B84EFF /* OverlayView.swift */; };
		A36CBEAE1C135EA6C02F040A /* Assets.xcassets in Resources */ = {isa = PBXBuildFile; fileRef = 4D26DC7B55BF2E6D0A2BE01E /* Assets.xcassets */; };
		A3C272F168BC60CD88F5F062 /* DictateGoApp.swift in Sources */ = {isa = PBXBuildFile; fileRef = 78FCB3F91608D6186D6506C9 /* DictateGoApp.swift */; };
		AF04443A02A47C909827F86F /* Hotkey.swift in Sources */ = {isa = PBXBuildFile; fileRef = 81B23FBAC3E1710DC7332627 /* Hotkey.swift */; };
		AF9E0D415FA0ABDFB2FBE79E /* AppState.swift in Sources */ = {isa = PBXBuildFile; fileRef = 6499BCD9AC36AF0770AD3E01 /* AppState.swift */; };
		B2C3D4E5F6A78901B2C3D4E5 /* SystemAudioController.swift in Sources */ = {isa = PBXBuildFile; fileRef = A1C2E3F4B5D67890A1B2C3D4 /* SystemAudioController.swift */; };
		B55EA668A029AD039AC47026 /* HotkeyMonitor.swift in Sources */ = {isa = PBXBuildFile; fileRef = 13B9B7452E8AC1ED05E14DCB /* HotkeyMonitor.swift */; };
		B874027C18C953F848CF2BAC /* TranscriptionManager.swift in Sources */ = {isa = PBXBuildFile; fileRef = D72529AF7A52B70835D912C0 /* TranscriptionManager.swift */; };
		BA06CD3757D36C2C68388C40 /* OnboardingFlowView.swift in Sources */ = {isa = PBXBuildFile; fileRef = D05BF6B3914EF25BA8FBC441 /* OnboardingFlowView.swift */; };
		BC5A5DCA5D01D3F241B1994F /* ParakeetEngine.swift in Sources */ = {isa = PBXBuildFile; fileRef = A2A1DE872091500363FCBEC0 /* ParakeetEngine.swift */; };
		BDF9D947B0F9474A31E1E2D9 /* SetupComponents.swift in Sources */ = {isa = PBXBuildFile; fileRef = EA987AA97B289B3A9FC91C5F /* SetupComponents.swift */; };
		CB69D32458491FE0C082609D /* SettingsView.swift in Sources */ = {isa = PBXBuildFile; fileRef = 3876EA2EC48D6509FAF7B88B /* SettingsView.swift */; };
		CBD601A911ACD707FC5E5E9E /* PasteManager.swift in Sources */ = {isa = PBXBuildFile; fileRef = 9CB9EB46DED14E116F0804E6 /* PasteManager.swift */; };
		DF78EC3599EA663612B3D9B3 /* GettingStartedView.swift in Sources */ = {isa = PBXBuildFile; fileRef = 9F7C8B6220FBE044DB82FAE6 /* GettingStartedView.swift */; };
		E81B131A15F22A711881CCEB /* WindowCoordinator.swift in Sources */ = {isa = PBXBuildFile; fileRef = 779D9C3716FE23054B9BA237 /* WindowCoordinator.swift */; };
		F79758200159B17BFB87BC81 /* ParakeetModelOption.swift in Sources */ = {isa = PBXBuildFile; fileRef = 2F807CC37B2BDD544F2BFBDC /* ParakeetModelOption.swift */; };
		FEF418C24B11E4F1D7014C81 /* SettingsLayout.swift in Sources */ = {isa = PBXBuildFile; fileRef = F440AA3DA14BEB31A4A79611 /* SettingsLayout.swift */; };
/* End PBXBuildFile section */

/* Begin PBXFileReference section */
		0E543434088DCBF53BB68DC5 /* ParakeetAudioPreparer.swift */ = {isa = PBXFileReference; lastKnownFileType = sourcecode.swift; path = ParakeetAudioPreparer.swift; sourceTree = "<group>"; };
		13B9B7452E8AC1ED05E14DCB /* HotkeyMonitor.swift */ = {isa = PBXFileReference; lastKnownFileType = sourcecode.swift; path = HotkeyMonitor.swift; sourceTree = "<group>"; };
		1FD364AC32632412CE43BCC3 /* SettingsContainerView.swift */ = {isa = PBXFileReference; lastKnownFileType = sourcecode.swift; path = SettingsContainerView.swift; sourceTree = "<group>"; };
		2B2100FF2D762E0E8F487689 /* AppDelegate.swift */ = {isa = PBXFileReference; lastKnownFileType = sourcecode.swift; path = AppDelegate.swift; sourceTree = "<group>"; };
		2D42D341ECB16A976F9E70DA /* OverlayController.swift */ = {isa = PBXFileReference; lastKnownFileType = sourcecode.swift; path = OverlayController.swift; sourceTree = "<group>"; };
		2F807CC37B2BDD544F2BFBDC /* ParakeetModelOption.swift */ = {isa = PBXFileReference; lastKnownFileType = sourcecode.swift; path = ParakeetModelOption.swift; sourceTree = "<group>"; };
		3876EA2EC48D6509FAF7B88B /* SettingsView.swift */ = {isa = PBXFileReference; lastKnownFileType = sourcecode.swift; path = SettingsView.swift; sourceTree = "<group>"; };
		392C2F9A5FF1461BD31EFFF8 /* MenuBarContents.swift */ = {isa = PBXFileReference; lastKnownFileType = sourcecode.swift; path = MenuBarContents.swift; sourceTree = "<group>"; };
		41B3346F7428159CAB9E8960 /* UIComponents.swift */ = {isa = PBXFileReference; lastKnownFileType = sourcecode.swift; path = UIComponents.swift; sourceTree = "<group>"; };
		42F2129DFDB8FADEFEB61569 /* AudioDeviceManager.swift */ = {isa = PBXFileReference; lastKnownFileType = sourcecode.swift; path = AudioDeviceManager.swift; sourceTree = "<group>"; };
		4D26DC7B55BF2E6D0A2BE01E /* Assets.xcassets */ = {isa = PBXFileReference; lastKnownFileType = folder.assetcatalog; path = Assets.xcassets; sourceTree = "<group>"; };
		5006DB0B80738E9508964DC9 /* DictateGo.entitlements */ = {isa = PBXFileReference; lastKnownFileType = text.plist.entitlements; path = DictateGo.entitlements; sourceTree = "<group>"; };
		6499BCD9AC36AF0770AD3E01 /* AppState.swift */ = {isa = PBXFileReference; lastKnownFileType = sourcecode.swift; path = AppState.swift; sourceTree = "<group>"; };
		678B30D036721DF14614CA31 /* StatusView.swift */ = {isa = PBXFileReference; lastKnownFileType = sourcecode.swift; path = StatusView.swift; sourceTree = "<group>"; };
		779D9C3716FE23054B9BA237 /* WindowCoordinator.swift */ = {isa = PBXFileReference; lastKnownFileType = sourcecode.swift; path = WindowCoordinator.swift; sourceTree = "<group>"; };
		78FCB3F91608D6186D6506C9 /* DictateGoApp.swift */ = {isa = PBXFileReference; lastKnownFileType = sourcecode.swift; path = DictateGoApp.swift; sourceTree = "<group>"; };
		801F27F55F69BD4FB321187E /* Info.plist */ = {isa = PBXFileReference; lastKnownFileType = text.plist; path = Info.plist; sourceTree = "<group>"; };
		81B23FBAC3E1710DC7332627 /* Hotkey.swift */ = {isa = PBXFileReference; lastKnownFileType = sourcecode.swift; path = Hotkey.swift; sourceTree = "<group>"; };
		832A2AACF45B62C768B84EFF /* OverlayView.swift */ = {isa = PBXFileReference; lastKnownFileType = sourcecode.swift; path = OverlayView.swift; sourceTree = "<group>"; };
		9CB9EB46DED14E116F0804E6 /* PasteManager.swift */ = {isa = PBXFileReference; lastKnownFileType = sourcecode.swift; path = PasteManager.swift; sourceTree = "<group>"; };
		9F7C8B6220FBE044DB82FAE6 /* GettingStartedView.swift */ = {isa = PBXFileReference; lastKnownFileType = sourcecode.swift; path = GettingStartedView.swift; sourceTree = "<group>"; };
		A1C2E3F4B5D67890A1B2C3D4 /* SystemAudioController.swift */ = {isa = PBXFileReference; lastKnownFileType = sourcecode.swift; path = SystemAudioController.swift; sourceTree = "<group>"; };
		A2A1DE872091500363FCBEC0 /* ParakeetEngine.swift */ = {isa = PBXFileReference; lastKnownFileType = sourcecode.swift; path = ParakeetEngine.swift; sourceTree = "<group>"; };
		A86E2D3C3A1A7CC0FA7985EA /* AudioLevelMonitor.swift */ = {isa = PBXFileReference; lastKnownFileType = sourcecode.swift; path = AudioLevelMonitor.swift; sourceTree = "<group>"; };
		A98FB5AC5CE0BD39E0E5F4C2 /* HotkeyCaptureView.swift */ = {isa = PBXFileReference; lastKnownFileType = sourcecode.swift; path = HotkeyCaptureView.swift; sourceTree = "<group>"; };
		BAF372F80C5E297A50F5FCDE /* AudioCaptureManager.swift */ = {isa = PBXFileReference; lastKnownFileType = sourcecode.swift; path = AudioCaptureManager.swift; sourceTree = "<group>"; };
		BC8EEF756BD4697941A4574E /* DiagnosticsView.swift */ = {isa = PBXFileReference; lastKnownFileType = sourcecode.swift; path = DiagnosticsView.swift; sourceTree = "<group>"; };
		C047331902B655DA9E85E9AA /* OverlayState.swift */ = {isa = PBXFileReference; lastKnownFileType = sourcecode.swift; path = OverlayState.swift; sourceTree = "<group>"; };
		C72E52B3E789D4A06AC974CF /* ModelStatus.swift */ = {isa = PBXFileReference; lastKnownFileType = sourcecode.swift; path = ModelStatus.swift; sourceTree = "<group>"; };
		D05BF6B3914EF25BA8FBC441 /* OnboardingFlowView.swift */ = {isa = PBXFileReference; lastKnownFileType = sourcecode.swift; path = OnboardingFlowView.swift; sourceTree = "<group>"; };
		D72529AF7A52B70835D912C0 /* TranscriptionManager.swift */ = {isa = PBXFileReference; lastKnownFileType = sourcecode.swift; path = TranscriptionManager.swift; sourceTree = "<group>"; };
		E503E6FF190350B5DCCADF66 /* DictateGo.app */ = {isa = PBXFileReference; explicitFileType = wrapper.application; includeInIndex = 0; path = DictateGo.app; sourceTree = BUILT_PRODUCTS_DIR; };
		E865AF1E5A2F31C2FFD6C1D1 /* Resources */ = {isa = PBXFileReference; lastKnownFileType = folder; path = Resources; sourceTree = "<group>"; };
		EA987AA97B289B3A9FC91C5F /* SetupComponents.swift */ = {isa = PBXFileReference; lastKnownFileType = sourcecode.swift; path = SetupComponents.swift; sourceTree = "<group>"; };
		F440AA3DA14BEB31A4A79611 /* SettingsLayout.swift */ = {isa = PBXFileReference; lastKnownFileType = sourcecode.swift; path = SettingsLayout.swift; sourceTree = "<group>"; };
		FC42C847C9AB51DDCFFB0D20 /* HistoryView.swift */ = {isa = PBXFileReference; lastKnownFileType = sourcecode.swift; path = HistoryView.swift; sourceTree = "<group>"; };
/* End PBXFileReference section */

/* Begin PBXFrameworksBuildPhase section */
		59BB37FF46CFF97C841D8835 /* Frameworks */ = {
			isa = PBXFrameworksBuildPhase;
			buildActionMask = 2147483647;
			files = (
				2E2A96D32CFCC98AB55D7DF9 /* FluidAudio in Frameworks */,
				7A1C9F8B3B4D2E1F9A6C7D8E /* Sparkle in Frameworks */,
			);
			runOnlyForDeploymentPostprocessing = 0;
		};
/* End PBXFrameworksBuildPhase section */

/* Begin PBXGroup section */
		63858BE6007933658C3D1507 /* DictateGo */ = {
			isa = PBXGroup;
			children = (
				2B2100FF2D762E0E8F487689 /* AppDelegate.swift */,
				6499BCD9AC36AF0770AD3E01 /* AppState.swift */,
				4D26DC7B55BF2E6D0A2BE01E /* Assets.xcassets */,
				E865AF1E5A2F31C2FFD6C1D1 /* Resources */,
				BAF372F80C5E297A50F5FCDE /* AudioCaptureManager.swift */,
				42F2129DFDB8FADEFEB61569 /* AudioDeviceManager.swift */,
				A86E2D3C3A1A7CC0FA7985EA /* AudioLevelMonitor.swift */,
				BC8EEF756BD4697941A4574E /* DiagnosticsView.swift */,
				9F7C8B6220FBE044DB82FAE6 /* GettingStartedView.swift */,
				FC42C847C9AB51DDCFFB0D20 /* HistoryView.swift */,
				81B23FBAC3E1710DC7332627 /* Hotkey.swift */,
				A98FB5AC5CE0BD39E0E5F4C2 /* HotkeyCaptureView.swift */,
				13B9B7452E8AC1ED05E14DCB /* HotkeyMonitor.swift */,
				801F27F55F69BD4FB321187E /* Info.plist */,
				392C2F9A5FF1461BD31EFFF8 /* MenuBarContents.swift */,
				C72E52B3E789D4A06AC974CF /* ModelStatus.swift */,
				D05BF6B3914EF25BA8FBC441 /* OnboardingFlowView.swift */,
				2D42D341ECB16A976F9E70DA /* OverlayController.swift */,
				C047331902B655DA9E85E9AA /* OverlayState.swift */,
				832A2AACF45B62C768B84EFF /* OverlayView.swift */,
				0E543434088DCBF53BB68DC5 /* ParakeetAudioPreparer.swift */,
				A2A1DE872091500363FCBEC0 /* ParakeetEngine.swift */,
				2F807CC37B2BDD544F2BFBDC /* ParakeetModelOption.swift */,
				9CB9EB46DED14E116F0804E6 /* PasteManager.swift */,
				1FD364AC32632412CE43BCC3 /* SettingsContainerView.swift */,
				F440AA3DA14BEB31A4A79611 /* SettingsLayout.swift */,
				3876EA2EC48D6509FAF7B88B /* SettingsView.swift */,
				EA987AA97B289B3A9FC91C5F /* SetupComponents.swift */,
				678B30D036721DF14614CA31 /* StatusView.swift */,
				A1C2E3F4B5D67890A1B2C3D4 /* SystemAudioController.swift */,
				D72529AF7A52B70835D912C0 /* TranscriptionManager.swift */,
				41B3346F7428159CAB9E8960 /* UIComponents.swift */,
				5006DB0B80738E9508964DC9 /* DictateGo.entitlements */,
				78FCB3F91608D6186D6506C9 /* DictateGoApp.swift */,
				779D9C3716FE23054B9BA237 /* WindowCoordinator.swift */,
			);
			path = DictateGo;
			sourceTree = "<group>";
		};
		6AAD37D967B17A2CDD51986F /* Products */ = {
			isa = PBXGroup;
			children = (
				E503E6FF190350B5DCCADF66 /* DictateGo.app */,
			);
			name = Products;
			sourceTree = "<group>";
		};
		EB5F44ED8E80127B23CDD081 = {
			isa = PBXGroup;
			children = (
				63858BE6007933658C3D1507 /* DictateGo */,
				6AAD37D967B17A2CDD51986F /* Products */,
			);
			sourceTree = "<group>";
		};
/* End PBXGroup section */

/* Begin PBXNativeTarget section */
		C945403B6A2416FDC843519B /* DictateGo */ = {
			isa = PBXNativeTarget;
			buildConfigurationList = AB46E76B30111DFBFAEA3B37 /* Build configuration list for PBXNativeTarget "DictateGo" */;
			buildPhases = (
				D39FB1891A5124A71AE68201 /* Sources */,
				02B19A07AD6FF2D78116B40A /* Resources */,
				59BB37FF46CFF97C841D8835 /* Frameworks */,
				31BFC2EAB4B5E4ABACE6AC34 /* Copy app to /Applications */,
			);
			buildRules = (
			);
			dependencies = (
			);
			name = DictateGo;
			packageProductDependencies = (
				88F254FCE42D28AC6EE84109 /* FluidAudio */,
				6C3E7F1A2B4C5D6E7F8A9B0C /* Sparkle */,
			);
			productName = DictateGo;
			productReference = E503E6FF190350B5DCCADF66 /* DictateGo.app */;
			productType = "com.apple.product-type.application";
		};
/* End PBXNativeTarget section */

/* Begin PBXProject section */
		FF7C248FAE2398C564576582 /* Project object */ = {
			isa = PBXProject;
			attributes = {
				BuildIndependentTargetsInParallel = YES;
				LastUpgradeCheck = 1430;
				TargetAttributes = {
					C945403B6A2416FDC843519B = {
						ProvisioningStyle = Automatic;
					};
				};
			};
			buildConfigurationList = BB5EC6EE99C558D2EF2D6BEF /* Build configuration list for PBXProject "DictateGo" */;
			compatibilityVersion = "Xcode 14.0";
			developmentRegion = en;
			hasScannedForEncodings = 0;
			knownRegions = (
				Base,
				en,
			);
			mainGroup = EB5F44ED8E80127B23CDD081;
			minimizedProjectReferenceProxies = 1;
			packageReferences = (
				14D41F95897EEDA7275282BE /* XCRemoteSwiftPackageReference "FluidAudio" */,
				9D4F2E1C3B5A7D9F1C2E3B4A /* XCRemoteSwiftPackageReference "Sparkle" */,
			);
			projectDirPath = "";
			projectRoot = "";
			targets = (
				C945403B6A2416FDC843519B /* DictateGo */,
			);
		};
/* End PBXProject section */

/* Begin PBXResourcesBuildPhase section */
		02B19A07AD6FF2D78116B40A /* Resources */ = {
			isa = PBXResourcesBuildPhase;
			buildActionMask = 2147483647;
			files = (
				A36CBEAE1C135EA6C02F040A /* Assets.xcassets in Resources */,
				35DB66A25F1454C4012E2517 /* Resources in Resources */,
			);
			runOnlyForDeploymentPostprocessing = 0;
		};
/* End PBXResourcesBuildPhase section */

/* Begin PBXShellScriptBuildPhase section */
		31BFC2EAB4B5E4ABACE6AC34 /* Copy app to /Applications */ = {
			isa = PBXShellScriptBuildPhase;
			alwaysOutOfDate = 1;
			buildActionMask = 2147483647;
			files = (
			);
			inputFileListPaths = (
			);
			inputPaths = (
			);
			name = "Copy app to /Applications";
			outputFileListPaths = (
			);
			outputPaths = (
			);
			runOnlyForDeploymentPostprocessing = 0;
			shellPath = /bin/sh;
			shellScript = "if [ \"$CONFIGURATION\" != \"Debug\" ]; then\n  exit 0\nfi\n\nAPP_SOURCE=\"${TARGET_BUILD_DIR}/${FULL_PRODUCT_NAME}\"\nAPP_DEST=\"/Applications/${FULL_PRODUCT_NAME}\"\n\nif [ ! -d \"$APP_SOURCE\" ]; then\n  echo \"DictateGo: build product not found at $APP_SOURCE\"\n  exit 0\nfi\n\nif [ -w \"/Applications\" ]; then\n  rm -rf \"$APP_DEST\"\n  cp -R \"$APP_SOURCE\" \"$APP_DEST\"\n  echo \"DictateGo: copied to $APP_DEST\"\n  echo \"DictateGo: preserved original code signatures (Sparkle-compatible)\"\nelse\n  echo \"DictateGo: /Applications is not writable; skipping copy.\"\nfi\n";
		};
/* End PBXShellScriptBuildPhase section */

/* Begin PBXSourcesBuildPhase section */
		D39FB1891A5124A71AE68201 /* Sources */ = {
			isa = PBXSourcesBuildPhase;
			buildActionMask = 2147483647;
			files = (
				6D989329C349D67E9A856DED /* AppDelegate.swift in Sources */,
				AF9E0D415FA0ABDFB2FBE79E /* AppState.swift in Sources */,
				46A8D59A393A9C27D128CC08 /* AudioCaptureManager.swift in Sources */,
				3BE2EFD05BFE86C998C81026 /* AudioDeviceManager.swift in Sources */,
				6EEDD8D6BC01E7A065278B46 /* AudioLevelMonitor.swift in Sources */,
				B2C3D4E5F6A78901B2C3D4E5 /* SystemAudioController.swift in Sources */,
				2DA5D32B62E8D6CEFD3D34A6 /* DiagnosticsView.swift in Sources */,
				DF78EC3599EA663612B3D9B3 /* GettingStartedView.swift in Sources */,
				2F4F2E224D2F66809C31E46E /* HistoryView.swift in Sources */,
				AF04443A02A47C909827F86F /* Hotkey.swift in Sources */,
				8FDC1A2D2CEF3AFCFB760CC0 /* HotkeyCaptureView.swift in Sources */,
				B55EA668A029AD039AC47026 /* HotkeyMonitor.swift in Sources */,
				30B1D0176D3E08DC252A070D /* MenuBarContents.swift in Sources */,
				5D4464E57DDD2D6AFA236BDA /* ModelStatus.swift in Sources */,
				BA06CD3757D36C2C68388C40 /* OnboardingFlowView.swift in Sources */,
				488E74DD3C7927DFA9F6F006 /* OverlayController.swift in Sources */,
				1DCF32243B46244838A5EC7C /* OverlayState.swift in Sources */,
				99B019FB2BFE59A9DD3C6CCE /* OverlayView.swift in Sources */,
				945E49A626717DDC4A2E23F4 /* ParakeetAudioPreparer.swift in Sources */,
				BC5A5DCA5D01D3F241B1994F /* ParakeetEngine.swift in Sources */,
				F79758200159B17BFB87BC81 /* ParakeetModelOption.swift in Sources */,
				CBD601A911ACD707FC5E5E9E /* PasteManager.swift in Sources */,
				2C2BE3EB3759C4FFEE2B87D1 /* SettingsContainerView.swift in Sources */,
				FEF418C24B11E4F1D7014C81 /* SettingsLayout.swift in Sources */,
				CB69D32458491FE0C082609D /* SettingsView.swift in Sources */,
				BDF9D947B0F9474A31E1E2D9 /* SetupComponents.swift in Sources */,
				528F1A2961DA916C5B01EFC5 /* StatusView.swift in Sources */,
				B874027C18C953F848CF2BAC /* TranscriptionManager.swift in Sources */,
				89A758FD0CF59D2948BF333A /* UIComponents.swift in Sources */,
				A3C272F168BC60CD88F5F062 /* DictateGoApp.swift in Sources */,
				E81B131A15F22A711881CCEB /* WindowCoordinator.swift in Sources */,
			);
			runOnlyForDeploymentPostprocessing = 0;
		};
/* End PBXSourcesBuildPhase section */

/* Begin XCBuildConfiguration section */
		1559F8CC3B2FDD12E7542E89 /* Debug */ = {
			isa = XCBuildConfiguration;
			buildSettings = {
				ALWAYS_SEARCH_USER_PATHS = NO;
				CLANG_ANALYZER_NONNULL = YES;
				CLANG_ANALYZER_NUMBER_OBJECT_CONVERSION = YES_AGGRESSIVE;
				CLANG_CXX_LANGUAGE_STANDARD = "gnu++14";
				CLANG_CXX_LIBRARY = "libc++";
				CLANG_ENABLE_MODULES = YES;
				CLANG_ENABLE_OBJC_ARC = YES;
				CLANG_ENABLE_OBJC_WEAK = YES;
				CLANG_WARN_BLOCK_CAPTURE_AUTORELEASING = YES;
				CLANG_WARN_BOOL_CONVERSION = YES;
				CLANG_WARN_COMMA = YES;
				CLANG_WARN_CONSTANT_CONVERSION = YES;
				CLANG_WARN_DEPRECATED_OBJC_IMPLEMENTATIONS = YES;
				CLANG_WARN_DIRECT_OBJC_ISA_USAGE = YES_ERROR;
				CLANG_WARN_DOCUMENTATION_COMMENTS = YES;
				CLANG_WARN_EMPTY_BODY = YES;
				CLANG_WARN_ENUM_CONVERSION = YES;
				CLANG_WARN_INFINITE_RECURSION = YES;
				CLANG_WARN_INT_CONVERSION = YES;
				CLANG_WARN_NON_LITERAL_NULL_CONVERSION = YES;
				CLANG_WARN_OBJC_IMPLICIT_RETAIN_SELF = YES;
				CLANG_WARN_OBJC_LITERAL_CONVERSION = YES;
				CLANG_WARN_OBJC_ROOT_CLASS = YES_ERROR;
				CLANG_WARN_QUOTED_INCLUDE_IN_FRAMEWORK_HEADER = YES;
				CLANG_WARN_RANGE_LOOP_ANALYSIS = YES;
				CLANG_WARN_STRICT_PROTOTYPES = YES;
				CLANG_WARN_SUSPICIOUS_MOVE = YES;
				CLANG_WARN_UNGUARDED_AVAILABILITY = YES_AGGRESSIVE;
				CLANG_WARN_UNREACHABLE_CODE = YES;
				CLANG_WARN__DUPLICATE_METHOD_MATCH = YES;
				CODE_SIGN_STYLE = Automatic;
				COPY_PHASE_STRIP = NO;
				DEBUG_INFORMATION_FORMAT = dwarf;
				DEVELOPMENT_TEAM = "";
				ENABLE_STRICT_OBJC_MSGSEND = YES;
				ENABLE_TESTABILITY = YES;
				GCC_C_LANGUAGE_STANDARD = gnu11;
				GCC_DYNAMIC_NO_PIC = NO;
				GCC_NO_COMMON_BLOCKS = YES;
				GCC_OPTIMIZATION_LEVEL = 0;
				GCC_PREPROCESSOR_DEFINITIONS = (
					"$(inherited)",
					"DEBUG=1",
				);
				GCC_WARN_64_TO_32_BIT_CONVERSION = YES;
				GCC_WARN_ABOUT_RETURN_TYPE = YES_ERROR;
				GCC_WARN_UNDECLARED_SELECTOR = YES;
				GCC_WARN_UNINITIALIZED_AUTOS = YES_AGGRESSIVE;
				GCC_WARN_UNUSED_FUNCTION = YES;
				GCC_WARN_UNUSED_VARIABLE = YES;
				MACOSX_DEPLOYMENT_TARGET = 14.0;
				MTL_ENABLE_DEBUG_INFO = INCLUDE_SOURCE;
				MTL_FAST_MATH = YES;
				ONLY_ACTIVE_ARCH = YES;
				PRODUCT_BUNDLE_IDENTIFIER = com.johngleason.DictateGo;
				PRODUCT_NAME = "$(TARGET_NAME)";
				SDKROOT = macosx;
				SWIFT_ACTIVE_COMPILATION_CONDITIONS = DEBUG;
				SWIFT_OPTIMIZATION_LEVEL = "-Onone";
				SWIFT_VERSION = 5.0;
			};
			name = Debug;
		};
		4C29F0DBF7F5614EEF6EFB92 /* Release */ = {
			isa = XCBuildConfiguration;
			buildSettings = {
				ASSETCATALOG_COMPILER_APPICON_NAME = AppIcon;
				ASSETCATALOG_COMPILER_INCLUDE_ALL_APPICON_ASSETS = YES;
				CODE_SIGN_ENTITLEMENTS = DictateGo/DictateGo.entitlements;
				"CODE_SIGN_IDENTITY[sdk=macosx*]" = "Developer ID Application";
				CODE_SIGN_STYLE = Manual;
				COMBINE_HIDPI_IMAGES = YES;
				CURRENT_PROJECT_VERSION = 4;
				DEVELOPMENT_TEAM = 9TY9ZN5TFN;
				ENABLE_HARDENED_RUNTIME = YES;
				INFOPLIST_FILE = DictateGo/Info.plist;
				INFOPLIST_KEY_LSApplicationCategoryType = "public.app-category.productivity";
				LD_RUNPATH_SEARCH_PATHS = (
					"$(inherited)",
					"@executable_path/../Frameworks",
				);
				PRODUCT_BUNDLE_IDENTIFIER = com.johngleason.DictateGo;
				PRODUCT_NAME = DictateGo;
				SDKROOT = macosx;
			};
			name = Release;
		};
		BDF40C562ADEDE3E3AEED1E7 /* Debug */ = {
			isa = XCBuildConfiguration;
			buildSettings = {
				ASSETCATALOG_COMPILER_APPICON_NAME = AppIcon;
				ASSETCATALOG_COMPILER_INCLUDE_ALL_APPICON_ASSETS = YES;
				CODE_SIGN_ENTITLEMENTS = DictateGo/DictateGo.entitlements;
				"CODE_SIGN_IDENTITY[sdk=macosx*]" = "Apple Development";
				COMBINE_HIDPI_IMAGES = YES;
				CURRENT_PROJECT_VERSION = 4;
				DEVELOPMENT_TEAM = 9TY9ZN5TFN;
				ENABLE_HARDENED_RUNTIME = YES;
				INFOPLIST_FILE = DictateGo/Info.plist;
				INFOPLIST_KEY_LSApplicationCategoryType = "public.app-category.productivity";
				LD_RUNPATH_SEARCH_PATHS = (
					"$(inherited)",
					"@executable_path/../Frameworks",
				);
				PRODUCT_BUNDLE_IDENTIFIER = com.johngleason.DictateGo;
				PRODUCT_NAME = DictateGo;
				SDKROOT = macosx;
			};
			name = Debug;
		};
		DD453917CB57FA672F93313D /* Release */ = {
			isa = XCBuildConfiguration;
			buildSettings = {
				ALWAYS_SEARCH_USER_PATHS = NO;
				CLANG_ANALYZER_NONNULL = YES;
				CLANG_ANALYZER_NUMBER_OBJECT_CONVERSION = YES_AGGRESSIVE;
				CLANG_CXX_LANGUAGE_STANDARD = "gnu++14";
				CLANG_CXX_LIBRARY = "libc++";
				CLANG_ENABLE_MODULES = YES;
				CLANG_ENABLE_OBJC_ARC = YES;
				CLANG_ENABLE_OBJC_WEAK = YES;
				CLANG_WARN_BLOCK_CAPTURE_AUTORELEASING = YES;
				CLANG_WARN_BOOL_CONVERSION = YES;
				CLANG_WARN_COMMA = YES;
				CLANG_WARN_CONSTANT_CONVERSION = YES;
				CLANG_WARN_DEPRECATED_OBJC_IMPLEMENTATIONS = YES;
				CLANG_WARN_DIRECT_OBJC_ISA_USAGE = YES_ERROR;
				CLANG_WARN_DOCUMENTATION_COMMENTS = YES;
				CLANG_WARN_EMPTY_BODY = YES;
				CLANG_WARN_ENUM_CONVERSION = YES;
				CLANG_WARN_INFINITE_RECURSION = YES;
				CLANG_WARN_INT_CONVERSION = YES;
				CLANG_WARN_NON_LITERAL_NULL_CONVERSION = YES;
				CLANG_WARN_OBJC_IMPLICIT_RETAIN_SELF = YES;
				CLANG_WARN_OBJC_LITERAL_CONVERSION = YES;
				CLANG_WARN_OBJC_ROOT_CLASS = YES_ERROR;
				CLANG_WARN_QUOTED_INCLUDE_IN_FRAMEWORK_HEADER = YES;
				CLANG_WARN_RANGE_LOOP_ANALYSIS = YES;
				CLANG_WARN_STRICT_PROTOTYPES = YES;
				CLANG_WARN_SUSPICIOUS_MOVE = YES;
				CLANG_WARN_UNGUARDED_AVAILABILITY = YES_AGGRESSIVE;
				CLANG_WARN_UNREACHABLE_CODE = YES;
				CLANG_WARN__DUPLICATE_METHOD_MATCH = YES;
				CODE_SIGN_STYLE = Automatic;
				COPY_PHASE_STRIP = NO;
				DEBUG_INFORMATION_FORMAT = "dwarf-with-dsym";
				DEVELOPMENT_TEAM = "";
				ENABLE_NS_ASSERTIONS = NO;
				ENABLE_STRICT_OBJC_MSGSEND = YES;
				GCC_C_LANGUAGE_STANDARD = gnu11;
				GCC_NO_COMMON_BLOCKS = YES;
				GCC_WARN_64_TO_32_BIT_CONVERSION = YES;
				GCC_WARN_ABOUT_RETURN_TYPE = YES_ERROR;
				GCC_WARN_UNDECLARED_SELECTOR = YES;
				GCC_WARN_UNINITIALIZED_AUTOS = YES_AGGRESSIVE;
				GCC_WARN_UNUSED_FUNCTION = YES;
				GCC_WARN_UNUSED_VARIABLE = YES;
				MACOSX_DEPLOYMENT_TARGET = 14.0;
				MTL_ENABLE_DEBUG_INFO = NO;
				MTL_FAST_MATH = YES;
				PRODUCT_BUNDLE_IDENTIFIER = com.johngleason.DictateGo;
				PRODUCT_NAME = "$(TARGET_NAME)";
				SDKROOT = macosx;
				SWIFT_COMPILATION_MODE = wholemodule;
				SWIFT_OPTIMIZATION_LEVEL = "-O";
				SWIFT_VERSION = 5.0;
			};
			name = Release;
		};
/* End XCBuildConfiguration section */

/* Begin XCConfigurationList section */
		AB46E76B30111DFBFAEA3B37 /* Build configuration list for PBXNativeTarget "DictateGo" */ = {
			isa = XCConfigurationList;
			buildConfigurations = (
				BDF40C562ADEDE3E3AEED1E7 /* Debug */,
				4C29F0DBF7F5614EEF6EFB92 /* Release */,
			);
			defaultConfigurationIsVisible = 0;
			defaultConfigurationName = Debug;
		};
		BB5EC6EE99C558D2EF2D6BEF /* Build configuration list for PBXProject "DictateGo" */ = {
			isa = XCConfigurationList;
			buildConfigurations = (
				1559F8CC3B2FDD12E7542E89 /* Debug */,
				DD453917CB57FA672F93313D /* Release */,
			);
			defaultConfigurationIsVisible = 0;
			defaultConfigurationName = Debug;
		};
/* End XCConfigurationList section */

/* Begin XCRemoteSwiftPackageReference section */
		14D41F95897EEDA7275282BE /* XCRemoteSwiftPackageReference "FluidAudio" */ = {
			isa = XCRemoteSwiftPackageReference;
			repositoryURL = "https://github.com/FluidInference/FluidAudio.git";
			requirement = {
				branch = main;
				kind = branch;
			};
		};
		9D4F2E1C3B5A7D9F1C2E3B4A /* XCRemoteSwiftPackageReference "Sparkle" */ = {
			isa = XCRemoteSwiftPackageReference;
			repositoryURL = "https://github.com/sparkle-project/Sparkle";
			requirement = {
				kind = upToNextMajorVersion;
				minimumVersion = 2.5.0;
			};
		};
/* End XCRemoteSwiftPackageReference section */

/* Begin XCSwiftPackageProductDependency section */
		88F254FCE42D28AC6EE84109 /* FluidAudio */ = {
			isa = XCSwiftPackageProductDependency;
			package = 14D41F95897EEDA7275282BE /* XCRemoteSwiftPackageReference "FluidAudio" */;
			productName = FluidAudio;
		};
		6C3E7F1A2B4C5D6E7F8A9B0C /* Sparkle */ = {
			isa = XCSwiftPackageProductDependency;
			package = 9D4F2E1C3B5A7D9F1C2E3B4A /* XCRemoteSwiftPackageReference "Sparkle" */;
			productName = Sparkle;
		};
/* End XCSwiftPackageProductDependency section */
	};
	rootObject = FF7C248FAE2398C564576582 /* Project object */;
}
